
Microsoft Visual Studio Solution File, Format Version 12.00
# Visual Studio 15
VisualStudioVersion = 15.0.28307.1082
MinimumVisualStudioVersion = 10.0.40219.1
Project("{F184B08F-C81C-45F6-A57F-5ABD9991F28F}") = "Distributed Book Store Database", "Distributed Book Store Database\Distributed Book Store Database.vbproj", "{6C18F569-A8F7-4948-8826-6EE7CDA45548}"
EndProject
Global
	GlobalSection(SolutionConfigurationPlatforms) = preSolution
		Debug|Any CPU = Debug|Any CPU
		Release|Any CPU = Release|Any CPU
	EndGlobalSection
	GlobalSection(ProjectConfigurationPlatforms) = postSolution
		{6C18F569-A8F7-4948-8826-6EE7CDA45548}.Debug|Any CPU.ActiveCfg = Debug|Any CPU
		{6C18F569-A8F7-4948-8826-6EE7CDA45548}.Debug|Any CPU.Build.0 = Debug|Any CPU
		{6C18F569-A8F7-4948-8826-6EE7CDA45548}.Release|Any CPU.ActiveCfg = Release|Any CPU
		{6C18F569-A8F7-4948-8826-6EE7CDA45548}.Release|Any CPU.Build.0 = Release|Any CPU
	EndGlobalSection
	GlobalSection(SolutionProperties) = preSolution
		HideSolutionNode = FALSE
	EndGlobalSection
	GlobalSection(ExtensibilityGlobals) = postSolution
		SolutionGuid = {F8422BC6-1828-40FE-91F6-0450C8E14488}
	EndGlobalSection
EndGlobal
